
Microsoft Visual Studio Solution File, Format Version 12.00
# Visual Studio 15
VisualStudioVersion = 15.0.27004.2002
MinimumVisualStudioVersion = 10.0.40219.1
Project("{9A19103F-16F7-4668-BE54-9A1E7A4F7556}") = "CcMis.Web", "CcMis.Web.csproj", "{83848A09-D596-40B7-BE11-E7FDC0951502}"
EndProject
Project("{9A19103F-16F7-4668-BE54-9A1E7A4F7556}") = "CcMis.Models", "..\CcMis.Models\CcMis.Models.csproj", "{13DA428D-A88E-42AA-9EC4-D677DB84D9A2}"
EndProject
Global
	GlobalSection(SolutionConfigurationPlatforms) = preSolution
		Debug|Any CPU = Debug|Any CPU
		Release|Any CPU = Release|Any CPU
	EndGlobalSection
	GlobalSection(ProjectConfigurationPlatforms) = postSolution
		{83848A09-D596-40B7-BE11-E7FDC0951502}.Debug|Any CPU.ActiveCfg = Debug|Any CPU
		{83848A09-D596-40B7-BE11-E7FDC0951502}.Debug|Any CPU.Build.0 = Debug|Any CPU
		{83848A09-D596-40B7-BE11-E7FDC0951502}.Release|Any CPU.ActiveCfg = Release|Any CPU
		{83848A09-D596-40B7-BE11-E7FDC0951502}.Release|Any CPU.Build.0 = Release|Any CPU
		{13DA428D-A88E-42AA-9EC4-D677DB84D9A2}.Debug|Any CPU.ActiveCfg = Debug|Any CPU
		{13DA428D-A88E-42AA-9EC4-D677DB84D9A2}.Debug|Any CPU.Build.0 = Debug|Any CPU
		{13DA428D-A88E-42AA-9EC4-D677DB84D9A2}.Release|Any CPU.ActiveCfg = Release|Any CPU
		{13DA428D-A88E-42AA-9EC4-D677DB84D9A2}.Release|Any CPU.Build.0 = Release|Any CPU
	EndGlobalSection
	GlobalSection(SolutionProperties) = preSolution
		HideSolutionNode = FALSE
	EndGlobalSection
	GlobalSection(ExtensibilityGlobals) = postSolution
		SolutionGuid = {DE9B1D69-6ABE-4802-98E0-D3991017AC3B}
	EndGlobalSection
EndGlobal
